
Microsoft Visual Studio Solution File, Format Version 12.00
# Visual Studio Version 17
VisualStudioVersion = 17.11.35327.3
MinimumVisualStudioVersion = 10.0.40219.1
Project("{2150E333-8FDC-42A3-9474-1A3956D46DE8}") = "src", "src", "{5C507339-C2C6-4A2D-B303-2451252549DA}"
EndProject
Project("{2150E333-8FDC-42A3-9474-1A3956D46DE8}") = "API", "API", "{1A1C16CF-98A8-4B2E-B77F-CB18907EA268}"
EndProject
Project("{2150E333-8FDC-42A3-9474-1A3956D46DE8}") = "Common", "Common", "{DF66743D-69C3-4BE0-9EC6-FF2DEE7FA1B6}"
EndProject
Project("{2150E333-8FDC-42A3-9474-1A3956D46DE8}") = "Modules", "Modules", "{01CE8D02-A3F3-4F67-AB5E-7DF89DE2E75B}"
EndProject
Project("{2150E333-8FDC-42A3-9474-1A3956D46DE8}") = "Users", "Users", "{7BF3CCF5-E5D8-489B-90A7-FEC41281272D}"
EndProject
Project("{2150E333-8FDC-42A3-9474-1A3956D46DE8}") = "Solution Items", "Solution Items", "{E6A30790-D52D-4162-B88A-E32664614A9A}"
	ProjectSection(SolutionItems) = preProject
		.editorconfig = .editorconfig
		Directory.Build.props = Directory.Build.props
	EndProjectSection
EndProject
Project("{2150E333-8FDC-42A3-9474-1A3956D46DE8}") = "02-Presentation", "02-Presentation", "{FDC9B323-2145-49A0-81AB-A571C58DFCC8}"
EndProject
Project("{2150E333-8FDC-42A3-9474-1A3956D46DE8}") = "03-Infrastructure", "03-Infrastructure", "{CCACA671-61DB-4057-858D-B17C7950802A}"
EndProject
Project("{2150E333-8FDC-42A3-9474-1A3956D46DE8}") = "04-Core", "04-Core", "{90A40883-F3A1-4B80-A082-A3BA1850D1B1}"
EndProject
Project("{2150E333-8FDC-42A3-9474-1A3956D46DE8}") = "01-Host", "01-Host", "{AFA6099B-17D0-4A1C-B5F9-3242FE3A15B3}"
EndProject
Project("{9A19103F-16F7-4668-BE54-9A1E7A4F7556}") = "QuickForm.Api", "src\API\QuickForm.Api\QuickForm.Api.csproj", "{0310B942-32F5-43DF-BE56-388CBB318FC7}"
EndProject
Project("{2150E333-8FDC-42A3-9474-1A3956D46DE8}") = "01-Host", "01-Host", "{7DFA6D25-E3A5-4890-8F55-000B248FA0DD}"
EndProject
Project("{2150E333-8FDC-42A3-9474-1A3956D46DE8}") = "02-Presentation", "02-Presentation", "{C83A3AB1-B99C-48B5-9854-32BA8D006ADB}"
EndProject
Project("{2150E333-8FDC-42A3-9474-1A3956D46DE8}") = "03-Infrastructure", "03-Infrastructure", "{C9CAAC05-53D6-4EE3-90A1-832A9E916F09}"
EndProject
Project("{2150E333-8FDC-42A3-9474-1A3956D46DE8}") = "04-Core", "04-Core", "{E98561AA-3DD1-4E05-AD2F-542DABEEAB64}"
EndProject
Project("{9A19103F-16F7-4668-BE54-9A1E7A4F7556}") = "QuickForm.Modules.Users.Domain", "src\Modules\Users\04-Core\QuickForm.Modules.Users.Domain\QuickForm.Modules.Users.Domain.csproj", "{A426B70F-2D05-4636-8A14-8984A87BA269}"
EndProject
Project("{9A19103F-16F7-4668-BE54-9A1E7A4F7556}") = "QuickForm.Common.Domain", "src\Common\04-Core\QuickForm.Common.Domain\QuickForm.Common.Domain.csproj", "{B9661BE6-EDA1-46CE-A502-2D39A3FF5867}"
EndProject
Project("{9A19103F-16F7-4668-BE54-9A1E7A4F7556}") = "QuickForm.Common.Application", "src\Common\04-Core\QuickForm.Common.Application\QuickForm.Common.Application.csproj", "{3128850E-A150-4FC0-8C7D-A20022CDD41C}"
EndProject
Project("{9A19103F-16F7-4668-BE54-9A1E7A4F7556}") = "QuickForm.Modules.Users.Application", "src\Modules\Users\04-Core\QuickForm.Modules.Users.Application\QuickForm.Modules.Users.Application.csproj", "{31E3392F-303D-4D8D-ADD2-C6B38B6486E3}"
EndProject
Project("{9A19103F-16F7-4668-BE54-9A1E7A4F7556}") = "QuickForm.Common.Presentation", "src\Common\02-Presentation\QuickForm.Common.Presentation\QuickForm.Common.Presentation.csproj", "{BAA2980A-01C5-415F-B271-BC076B3F9D68}"
EndProject
Project("{9A19103F-16F7-4668-BE54-9A1E7A4F7556}") = "QuickForm.Modules.Users.Presentation", "src\Modules\Users\02-Presentation\QuickForm.Modules.Users.Presentation\QuickForm.Modules.Users.Presentation.csproj", "{6C96A27B-9BF9-471E-AB0D-288194BD0D7D}"
EndProject
Project("{9A19103F-16F7-4668-BE54-9A1E7A4F7556}") = "QuickForm.Common.Infrastructure", "src\Common\03-Infrastructure\QuickForm.Common.Services\QuickForm.Common.Infrastructure.csproj", "{5C5B3156-FEE9-44AF-AECA-8460DCE0C7A3}"
EndProject
Project("{9A19103F-16F7-4668-BE54-9A1E7A4F7556}") = "QuickForm.Modules.Users.Persistence", "src\Modules\Users\03-Infrastructure\QuickForm.Modules.Users.Infrastructure\QuickForm.Modules.Users.Persistence.csproj", "{AEC7A401-45E7-462C-8C55-F5FF98BC929C}"
EndProject
Project("{9A19103F-16F7-4668-BE54-9A1E7A4F7556}") = "QuickForm.Modules.Users.Host", "src\Modules\Users\01-Host\QuickForm.Modules.Users.Module\QuickForm.Modules.Users.Host.csproj", "{C88B2B16-D252-4185-BA3C-D76D2D8A58DB}"
EndProject
Project("{9A19103F-16F7-4668-BE54-9A1E7A4F7556}") = "QuickForm.Modules.Users.Options", "src\Modules\Users\03-Infrastructure\QuickForm.Modules.Users.Options\QuickForm.Modules.Users.Options.csproj", "{D89531F0-9CC0-4D14-BF23-986758556DF7}"
EndProject
Project("{9A19103F-16F7-4668-BE54-9A1E7A4F7556}") = "QuickForm.Modules.Users.Jobs", "src\Modules\Users\03-Infrastructure\QuickForm.Modules.Users.Jobs\QuickForm.Modules.Users.Jobs.csproj", "{AE405719-818D-41A7-86D8-31F4642C58F7}"
EndProject
Project("{9A19103F-16F7-4668-BE54-9A1E7A4F7556}") = "QuickForm.Modules.Users.IntegrationEvents", "src\Modules\Users\04-Core\QuickForm.Modules.Users.IntegrationEvents\QuickForm.Modules.Users.IntegrationEvents.csproj", "{10BB38E1-4666-4658-A116-1BB90412C8CF}"
EndProject
Project("{2150E333-8FDC-42A3-9474-1A3956D46DE8}") = "Survey", "Survey", "{9F0E0838-13E0-4ADD-8125-1B46C0EBC381}"
EndProject
Project("{2150E333-8FDC-42A3-9474-1A3956D46DE8}") = "01-Host", "01-Host", "{3998B98E-B390-4168-88A0-D5FFEA9A504F}"
EndProject
Project("{2150E333-8FDC-42A3-9474-1A3956D46DE8}") = "02-Presentation", "02-Presentation", "{2F0000A8-36D0-43DF-A98D-274B8E389BCD}"
EndProject
Project("{2150E333-8FDC-42A3-9474-1A3956D46DE8}") = "03-Infrastructure", "03-Infrastructure", "{C6D209A1-D51F-4304-BE9A-18B17B0202B1}"
EndProject
Project("{2150E333-8FDC-42A3-9474-1A3956D46DE8}") = "04-Core", "04-Core", "{F91C490C-3BD2-4D5D-BF2C-BCD19510B3C7}"
EndProject
Project("{9A19103F-16F7-4668-BE54-9A1E7A4F7556}") = "QuickForm.Modules.Survey.Domain", "src\Modules\Survey\04-Core\QuickForm.Modules.Survey.Domain\QuickForm.Modules.Survey.Domain.csproj", "{0D197B90-ACCF-451D-9852-5C314BDF3CCA}"
EndProject
Project("{9A19103F-16F7-4668-BE54-9A1E7A4F7556}") = "QuickForm.Modules.Survey.Application", "src\Modules\Survey\04-Core\QuickForm.Modules.Survey.Application\QuickForm.Modules.Survey.Application.csproj", "{1C8506B4-53C6-4F7A-B4D6-2CB1D08C5D80}"
EndProject
Project("{9A19103F-16F7-4668-BE54-9A1E7A4F7556}") = "QuickForm.Modules.Survey.Options", "src\Modules\Survey\03-Infrastructure\QuickForm.Modules.Survey.Options\QuickForm.Modules.Survey.Options.csproj", "{0C0D638F-7CF6-418C-B99F-20AB9FA32448}"
EndProject
Project("{9A19103F-16F7-4668-BE54-9A1E7A4F7556}") = "QuickForm.Modules.Survey.Persistence", "src\Modules\Survey\03-Infrastructure\QuickForm.Modules.Survey.Persistence\QuickForm.Modules.Survey.Persistence.csproj", "{9F698BBD-8249-44D3-BAE0-BF545DF373DC}"
EndProject
Project("{9A19103F-16F7-4668-BE54-9A1E7A4F7556}") = "QuickForm.Modules.Survey.Presentation", "src\Modules\Survey\02-Presentation\QuickForm.Modules.Survey.Presentation\QuickForm.Modules.Survey.Presentation.csproj", "{C355FBB8-F5C8-4931-A3DD-0AEC454DD7FC}"
EndProject
Project("{9A19103F-16F7-4668-BE54-9A1E7A4F7556}") = "QuickForm.Modules.Survey.Jobs", "src\Modules\Survey\03-Infrastructure\QuickForm.Modules.Survey.Jobs\QuickForm.Modules.Survey.Jobs.csproj", "{38C69F4F-5508-4745-98D7-5EFFCC621E1D}"
EndProject
Project("{9A19103F-16F7-4668-BE54-9A1E7A4F7556}") = "QuickForm.Modules.Survey.Host", "src\Modules\Survey\01-Host\QuickForm.Modules.Survey.Host\QuickForm.Modules.Survey.Host.csproj", "{2178B499-01EE-45A8-A976-B19B7467AC2C}"
EndProject
Project("{FAE04EC0-301F-11D3-BF4B-00C04F79EFBC}") = "QuickForm.Modules.Users.Service", "src\Modules\Users\03-Infrastructure\QuickForm.Modules.Users.Service\QuickForm.Modules.Users.Service.csproj", "{435394DD-9BEC-4D05-B0C1-265BD1C344E0}"
EndProject
Project("{2150E333-8FDC-42A3-9474-1A3956D46DE8}") = "Person", "Person", "{02EA681E-C7D8-13C7-8484-4AC65E1B71E8}"
EndProject
Project("{FAE04EC0-301F-11D3-BF4B-00C04F79EFBC}") = "QuickForm.Modules.Person.Domain", "src\Modules\Person\04-Core\QuickForm.Modules.Person.Domain\QuickForm.Modules.Person.Domain.csproj", "{6F5771E6-2DEE-4DBB-90F1-702111225DDC}"
EndProject
Project("{FAE04EC0-301F-11D3-BF4B-00C04F79EFBC}") = "QuickForm.Modules.Person.Application", "src\Modules\Person\04-Core\QuickForm.Modules.Person.Application\QuickForm.Modules.Person.Application.csproj", "{9151E665-039C-4DC0-84DB-B09D35BB2EE9}"
EndProject
Project("{2150E333-8FDC-42A3-9474-1A3956D46DE8}") = "04-Core", "04-Core", "{66F4EF16-0876-46E5-9C40-EB7850156C1A}"
EndProject
Project("{2150E333-8FDC-42A3-9474-1A3956D46DE8}") = "03-Infrastructure", "03-Infrastructure", "{A71EA68C-55BD-4562-8D0D-4B5D201B1CA5}"
EndProject
Project("{FAE04EC0-301F-11D3-BF4B-00C04F79EFBC}") = "QuickForm.Modules.Person.Persistence", "src\Modules\Person\03-Infrastructure\QuickForm.Modules.Person.Persistence\QuickForm.Modules.Person.Persistence.csproj", "{2DEFC6A8-C76B-4CC8-B5ED-DCFBE7892DC4}"
EndProject
Project("{2150E333-8FDC-42A3-9474-1A3956D46DE8}") = "01-Host", "01-Host", "{FA92278F-A486-46D2-8337-C9F9FA094EE3}"
EndProject
Project("{FAE04EC0-301F-11D3-BF4B-00C04F79EFBC}") = "QuickForm.Modules.Person.Host", "src\Modules\Person\01-Host\QuickForm.Modules.Person.Host\QuickForm.Modules.Person.Host.csproj", "{8AF11BEB-0475-4EBC-A4AF-11937B6690A0}"
EndProject
Project("{FAE04EC0-301F-11D3-BF4B-00C04F79EFBC}") = "QuickForm.Modules.Person.Options", "src\Modules\Person\03-Infrastructure\QuickForm.Modules.Person.Options\QuickForm.Modules.Person.Options.csproj", "{22ADF2F2-9FAD-4332-8C5B-AB0E6751138D}"
EndProject
Project("{2150E333-8FDC-42A3-9474-1A3956D46DE8}") = "02-Presentation", "02-Presentation", "{D55CF597-BEB1-488A-9E7A-82D7514A5B10}"
EndProject
Project("{FAE04EC0-301F-11D3-BF4B-00C04F79EFBC}") = "QuickForm.Modules.Person.Jobs", "src\Modules\Person\03-Infrastructure\QuickForm.Modules.Person.Jobs\QuickForm.Modules.Person.Jobs.csproj", "{94BD500A-208E-4DBA-BC4F-3B476406506E}"
EndProject
Project("{FAE04EC0-301F-11D3-BF4B-00C04F79EFBC}") = "QuickForm.Modules.Person.Presentation", "src\Modules\Person\02-Presentation\QuickForm.Modules.Person.Presentation\QuickForm.Modules.Person.Presentation.csproj", "{D0A02AC8-0FA3-4241-B5B1-0C5EFB5419F4}"
EndProject
Global
	GlobalSection(SolutionConfigurationPlatforms) = preSolution
		Debug|Any CPU = Debug|Any CPU
		Release|Any CPU = Release|Any CPU
	EndGlobalSection
	GlobalSection(ProjectConfigurationPlatforms) = postSolution
		{0310B942-32F5-43DF-BE56-388CBB318FC7}.Debug|Any CPU.ActiveCfg = Debug|Any CPU
		{0310B942-32F5-43DF-BE56-388CBB318FC7}.Debug|Any CPU.Build.0 = Debug|Any CPU
		{0310B942-32F5-43DF-BE56-388CBB318FC7}.Release|Any CPU.ActiveCfg = Release|Any CPU
		{0310B942-32F5-43DF-BE56-388CBB318FC7}.Release|Any CPU.Build.0 = Release|Any CPU
		{A426B70F-2D05-4636-8A14-8984A87BA269}.Debug|Any CPU.ActiveCfg = Debug|Any CPU
		{A426B70F-2D05-4636-8A14-8984A87BA269}.Debug|Any CPU.Build.0 = Debug|Any CPU
		{A426B70F-2D05-4636-8A14-8984A87BA269}.Release|Any CPU.ActiveCfg = Release|Any CPU
		{A426B70F-2D05-4636-8A14-8984A87BA269}.Release|Any CPU.Build.0 = Release|Any CPU
		{B9661BE6-EDA1-46CE-A502-2D39A3FF5867}.Debug|Any CPU.ActiveCfg = Debug|Any CPU
		{B9661BE6-EDA1-46CE-A502-2D39A3FF5867}.Debug|Any CPU.Build.0 = Debug|Any CPU
		{B9661BE6-EDA1-46CE-A502-2D39A3FF5867}.Release|Any CPU.ActiveCfg = Release|Any CPU
		{B9661BE6-EDA1-46CE-A502-2D39A3FF5867}.Release|Any CPU.Build.0 = Release|Any CPU
		{3128850E-A150-4FC0-8C7D-A20022CDD41C}.Debug|Any CPU.ActiveCfg = Debug|Any CPU
		{3128850E-A150-4FC0-8C7D-A20022CDD41C}.Debug|Any CPU.Build.0 = Debug|Any CPU
		{3128850E-A150-4FC0-8C7D-A20022CDD41C}.Release|Any CPU.ActiveCfg = Release|Any CPU
		{3128850E-A150-4FC0-8C7D-A20022CDD41C}.Release|Any CPU.Build.0 = Release|Any CPU
		{31E3392F-303D-4D8D-ADD2-C6B38B6486E3}.Debug|Any CPU.ActiveCfg = Debug|Any CPU
		{31E3392F-303D-4D8D-ADD2-C6B38B6486E3}.Debug|Any CPU.Build.0 = Debug|Any CPU
		{31E3392F-303D-4D8D-ADD2-C6B38B6486E3}.Release|Any CPU.ActiveCfg = Release|Any CPU
		{31E3392F-303D-4D8D-ADD2-C6B38B6486E3}.Release|Any CPU.Build.0 = Release|Any CPU
		{BAA2980A-01C5-415F-B271-BC076B3F9D68}.Debug|Any CPU.ActiveCfg = Debug|Any CPU
		{BAA2980A-01C5-415F-B271-BC076B3F9D68}.Debug|Any CPU.Build.0 = Debug|Any CPU
		{BAA2980A-01C5-415F-B271-BC076B3F9D68}.Release|Any CPU.ActiveCfg = Release|Any CPU
		{BAA2980A-01C5-415F-B271-BC076B3F9D68}.Release|Any CPU.Build.0 = Release|Any CPU
		{6C96A27B-9BF9-471E-AB0D-288194BD0D7D}.Debug|Any CPU.ActiveCfg = Debug|Any CPU
		{6C96A27B-9BF9-471E-AB0D-288194BD0D7D}.Debug|Any CPU.Build.0 = Debug|Any CPU
		{6C96A27B-9BF9-471E-AB0D-288194BD0D7D}.Release|Any CPU.ActiveCfg = Release|Any CPU
		{6C96A27B-9BF9-471E-AB0D-288194BD0D7D}.Release|Any CPU.Build.0 = Release|Any CPU
		{5C5B3156-FEE9-44AF-AECA-8460DCE0C7A3}.Debug|Any CPU.ActiveCfg = Debug|Any CPU
		{5C5B3156-FEE9-44AF-AECA-8460DCE0C7A3}.Debug|Any CPU.Build.0 = Debug|Any CPU
		{5C5B3156-FEE9-44AF-AECA-8460DCE0C7A3}.Release|Any CPU.ActiveCfg = Release|Any CPU
		{5C5B3156-FEE9-44AF-AECA-8460DCE0C7A3}.Release|Any CPU.Build.0 = Release|Any CPU
		{AEC7A401-45E7-462C-8C55-F5FF98BC929C}.Debug|Any CPU.ActiveCfg = Debug|Any CPU
		{AEC7A401-45E7-462C-8C55-F5FF98BC929C}.Debug|Any CPU.Build.0 = Debug|Any CPU
		{AEC7A401-45E7-462C-8C55-F5FF98BC929C}.Release|Any CPU.ActiveCfg = Release|Any CPU
		{AEC7A401-45E7-462C-8C55-F5FF98BC929C}.Release|Any CPU.Build.0 = Release|Any CPU
		{C88B2B16-D252-4185-BA3C-D76D2D8A58DB}.Debug|Any CPU.ActiveCfg = Debug|Any CPU
		{C88B2B16-D252-4185-BA3C-D76D2D8A58DB}.Debug|Any CPU.Build.0 = Debug|Any CPU
		{C88B2B16-D252-4185-BA3C-D76D2D8A58DB}.Release|Any CPU.ActiveCfg = Release|Any CPU
		{C88B2B16-D252-4185-BA3C-D76D2D8A58DB}.Release|Any CPU.Build.0 = Release|Any CPU
		{D89531F0-9CC0-4D14-BF23-986758556DF7}.Debug|Any CPU.ActiveCfg = Debug|Any CPU
		{D89531F0-9CC0-4D14-BF23-986758556DF7}.Debug|Any CPU.Build.0 = Debug|Any CPU
		{D89531F0-9CC0-4D14-BF23-986758556DF7}.Release|Any CPU.ActiveCfg = Release|Any CPU
		{D89531F0-9CC0-4D14-BF23-986758556DF7}.Release|Any CPU.Build.0 = Release|Any CPU
		{AE405719-818D-41A7-86D8-31F4642C58F7}.Debug|Any CPU.ActiveCfg = Debug|Any CPU
		{AE405719-818D-41A7-86D8-31F4642C58F7}.Debug|Any CPU.Build.0 = Debug|Any CPU
		{AE405719-818D-41A7-86D8-31F4642C58F7}.Release|Any CPU.ActiveCfg = Release|Any CPU
		{AE405719-818D-41A7-86D8-31F4642C58F7}.Release|Any CPU.Build.0 = Release|Any CPU
		{10BB38E1-4666-4658-A116-1BB90412C8CF}.Debug|Any CPU.ActiveCfg = Debug|Any CPU
		{10BB38E1-4666-4658-A116-1BB90412C8CF}.Debug|Any CPU.Build.0 = Debug|Any CPU
		{10BB38E1-4666-4658-A116-1BB90412C8CF}.Release|Any CPU.ActiveCfg = Release|Any CPU
		{10BB38E1-4666-4658-A116-1BB90412C8CF}.Release|Any CPU.Build.0 = Release|Any CPU
		{0D197B90-ACCF-451D-9852-5C314BDF3CCA}.Debug|Any CPU.ActiveCfg = Debug|Any CPU
		{0D197B90-ACCF-451D-9852-5C314BDF3CCA}.Debug|Any CPU.Build.0 = Debug|Any CPU
		{0D197B90-ACCF-451D-9852-5C314BDF3CCA}.Release|Any CPU.ActiveCfg = Release|Any CPU
		{0D197B90-ACCF-451D-9852-5C314BDF3CCA}.Release|Any CPU.Build.0 = Release|Any CPU
		{1C8506B4-53C6-4F7A-B4D6-2CB1D08C5D80}.Debug|Any CPU.ActiveCfg = Debug|Any CPU
		{1C8506B4-53C6-4F7A-B4D6-2CB1D08C5D80}.Debug|Any CPU.Build.0 = Debug|Any CPU
		{1C8506B4-53C6-4F7A-B4D6-2CB1D08C5D80}.Release|Any CPU.ActiveCfg = Release|Any CPU
		{1C8506B4-53C6-4F7A-B4D6-2CB1D08C5D80}.Release|Any CPU.Build.0 = Release|Any CPU
		{0C0D638F-7CF6-418C-B99F-20AB9FA32448}.Debug|Any CPU.ActiveCfg = Debug|Any CPU
		{0C0D638F-7CF6-418C-B99F-20AB9FA32448}.Debug|Any CPU.Build.0 = Debug|Any CPU
		{0C0D638F-7CF6-418C-B99F-20AB9FA32448}.Release|Any CPU.ActiveCfg = Release|Any CPU
		{0C0D638F-7CF6-418C-B99F-20AB9FA32448}.Release|Any CPU.Build.0 = Release|Any CPU
		{9F698BBD-8249-44D3-BAE0-BF545DF373DC}.Debug|Any CPU.ActiveCfg = Debug|Any CPU
		{9F698BBD-8249-44D3-BAE0-BF545DF373DC}.Debug|Any CPU.Build.0 = Debug|Any CPU
		{9F698BBD-8249-44D3-BAE0-BF545DF373DC}.Release|Any CPU.ActiveCfg = Release|Any CPU
		{9F698BBD-8249-44D3-BAE0-BF545DF373DC}.Release|Any CPU.Build.0 = Release|Any CPU
		{C355FBB8-F5C8-4931-A3DD-0AEC454DD7FC}.Debug|Any CPU.ActiveCfg = Debug|Any CPU
		{C355FBB8-F5C8-4931-A3DD-0AEC454DD7FC}.Debug|Any CPU.Build.0 = Debug|Any CPU
		{C355FBB8-F5C8-4931-A3DD-0AEC454DD7FC}.Release|Any CPU.ActiveCfg = Release|Any CPU
		{C355FBB8-F5C8-4931-A3DD-0AEC454DD7FC}.Release|Any CPU.Build.0 = Release|Any CPU
		{38C69F4F-5508-4745-98D7-5EFFCC621E1D}.Debug|Any CPU.ActiveCfg = Debug|Any CPU
		{38C69F4F-5508-4745-98D7-5EFFCC621E1D}.Debug|Any CPU.Build.0 = Debug|Any CPU
		{38C69F4F-5508-4745-98D7-5EFFCC621E1D}.Release|Any CPU.ActiveCfg = Release|Any CPU
		{38C69F4F-5508-4745-98D7-5EFFCC621E1D}.Release|Any CPU.Build.0 = Release|Any CPU
		{2178B499-01EE-45A8-A976-B19B7467AC2C}.Debug|Any CPU.ActiveCfg = Debug|Any CPU
		{2178B499-01EE-45A8-A976-B19B7467AC2C}.Debug|Any CPU.Build.0 = Debug|Any CPU
		{2178B499-01EE-45A8-A976-B19B7467AC2C}.Release|Any CPU.ActiveCfg = Release|Any CPU
		{2178B499-01EE-45A8-A976-B19B7467AC2C}.Release|Any CPU.Build.0 = Release|Any CPU
		{435394DD-9BEC-4D05-B0C1-265BD1C344E0}.Debug|Any CPU.ActiveCfg = Debug|Any CPU
		{435394DD-9BEC-4D05-B0C1-265BD1C344E0}.Debug|Any CPU.Build.0 = Debug|Any CPU
		{435394DD-9BEC-4D05-B0C1-265BD1C344E0}.Release|Any CPU.ActiveCfg = Release|Any CPU
		{435394DD-9BEC-4D05-B0C1-265BD1C344E0}.Release|Any CPU.Build.0 = Release|Any CPU
		{6F5771E6-2DEE-4DBB-90F1-702111225DDC}.Debug|Any CPU.ActiveCfg = Debug|Any CPU
		{6F5771E6-2DEE-4DBB-90F1-702111225DDC}.Debug|Any CPU.Build.0 = Debug|Any CPU
		{6F5771E6-2DEE-4DBB-90F1-702111225DDC}.Release|Any CPU.ActiveCfg = Release|Any CPU
		{6F5771E6-2DEE-4DBB-90F1-702111225DDC}.Release|Any CPU.Build.0 = Release|Any CPU
		{9151E665-039C-4DC0-84DB-B09D35BB2EE9}.Debug|Any CPU.ActiveCfg = Debug|Any CPU
		{9151E665-039C-4DC0-84DB-B09D35BB2EE9}.Debug|Any CPU.Build.0 = Debug|Any CPU
		{9151E665-039C-4DC0-84DB-B09D35BB2EE9}.Release|Any CPU.ActiveCfg = Release|Any CPU
		{9151E665-039C-4DC0-84DB-B09D35BB2EE9}.Release|Any CPU.Build.0 = Release|Any CPU
		{2DEFC6A8-C76B-4CC8-B5ED-DCFBE7892DC4}.Debug|Any CPU.ActiveCfg = Debug|Any CPU
		{2DEFC6A8-C76B-4CC8-B5ED-DCFBE7892DC4}.Debug|Any CPU.Build.0 = Debug|Any CPU
		{2DEFC6A8-C76B-4CC8-B5ED-DCFBE7892DC4}.Release|Any CPU.ActiveCfg = Release|Any CPU
		{2DEFC6A8-C76B-4CC8-B5ED-DCFBE7892DC4}.Release|Any CPU.Build.0 = Release|Any CPU
		{8AF11BEB-0475-4EBC-A4AF-11937B6690A0}.Debug|Any CPU.ActiveCfg = Debug|Any CPU
		{8AF11BEB-0475-4EBC-A4AF-11937B6690A0}.Debug|Any CPU.Build.0 = Debug|Any CPU
		{8AF11BEB-0475-4EBC-A4AF-11937B6690A0}.Release|Any CPU.ActiveCfg = Release|Any CPU
		{8AF11BEB-0475-4EBC-A4AF-11937B6690A0}.Release|Any CPU.Build.0 = Release|Any CPU
		{22ADF2F2-9FAD-4332-8C5B-AB0E6751138D}.Debug|Any CPU.ActiveCfg = Debug|Any CPU
		{22ADF2F2-9FAD-4332-8C5B-AB0E6751138D}.Debug|Any CPU.Build.0 = Debug|Any CPU
		{22ADF2F2-9FAD-4332-8C5B-AB0E6751138D}.Release|Any CPU.ActiveCfg = Release|Any CPU
		{22ADF2F2-9FAD-4332-8C5B-AB0E6751138D}.Release|Any CPU.Build.0 = Release|Any CPU
		{94BD500A-208E-4DBA-BC4F-3B476406506E}.Debug|Any CPU.ActiveCfg = Debug|Any CPU
		{94BD500A-208E-4DBA-BC4F-3B476406506E}.Debug|Any CPU.Build.0 = Debug|Any CPU
		{94BD500A-208E-4DBA-BC4F-3B476406506E}.Release|Any CPU.ActiveCfg = Release|Any CPU
		{94BD500A-208E-4DBA-BC4F-3B476406506E}.Release|Any CPU.Build.0 = Release|Any CPU
		{D0A02AC8-0FA3-4241-B5B1-0C5EFB5419F4}.Debug|Any CPU.ActiveCfg = Debug|Any CPU
		{D0A02AC8-0FA3-4241-B5B1-0C5EFB5419F4}.Debug|Any CPU.Build.0 = Debug|Any CPU
		{D0A02AC8-0FA3-4241-B5B1-0C5EFB5419F4}.Release|Any CPU.ActiveCfg = Release|Any CPU
		{D0A02AC8-0FA3-4241-B5B1-0C5EFB5419F4}.Release|Any CPU.Build.0 = Release|Any CPU
	EndGlobalSection
	GlobalSection(SolutionProperties) = preSolution
		HideSolutionNode = FALSE
	EndGlobalSection
	GlobalSection(NestedProjects) = preSolution
		{1A1C16CF-98A8-4B2E-B77F-CB18907EA268} = {5C507339-C2C6-4A2D-B303-2451252549DA}
		{DF66743D-69C3-4BE0-9EC6-FF2DEE7FA1B6} = {5C507339-C2C6-4A2D-B303-2451252549DA}
		{01CE8D02-A3F3-4F67-AB5E-7DF89DE2E75B} = {5C507339-C2C6-4A2D-B303-2451252549DA}
		{7BF3CCF5-E5D8-489B-90A7-FEC41281272D} = {01CE8D02-A3F3-4F67-AB5E-7DF89DE2E75B}
		{FDC9B323-2145-49A0-81AB-A571C58DFCC8} = {DF66743D-69C3-4BE0-9EC6-FF2DEE7FA1B6}
		{CCACA671-61DB-4057-858D-B17C7950802A} = {DF66743D-69C3-4BE0-9EC6-FF2DEE7FA1B6}
		{90A40883-F3A1-4B80-A082-A3BA1850D1B1} = {DF66743D-69C3-4BE0-9EC6-FF2DEE7FA1B6}
		{AFA6099B-17D0-4A1C-B5F9-3242FE3A15B3} = {DF66743D-69C3-4BE0-9EC6-FF2DEE7FA1B6}
		{0310B942-32F5-43DF-BE56-388CBB318FC7} = {1A1C16CF-98A8-4B2E-B77F-CB18907EA268}
		{7DFA6D25-E3A5-4890-8F55-000B248FA0DD} = {7BF3CCF5-E5D8-489B-90A7-FEC41281272D}
		{C83A3AB1-B99C-48B5-9854-32BA8D006ADB} = {7BF3CCF5-E5D8-489B-90A7-FEC41281272D}
		{C9CAAC05-53D6-4EE3-90A1-832A9E916F09} = {7BF3CCF5-E5D8-489B-90A7-FEC41281272D}
		{E98561AA-3DD1-4E05-AD2F-542DABEEAB64} = {7BF3CCF5-E5D8-489B-90A7-FEC41281272D}
		{A426B70F-2D05-4636-8A14-8984A87BA269} = {E98561AA-3DD1-4E05-AD2F-542DABEEAB64}
		{B9661BE6-EDA1-46CE-A502-2D39A3FF5867} = {90A40883-F3A1-4B80-A082-A3BA1850D1B1}
		{3128850E-A150-4FC0-8C7D-A20022CDD41C} = {90A40883-F3A1-4B80-A082-A3BA1850D1B1}
		{31E3392F-303D-4D8D-ADD2-C6B38B6486E3} = {E98561AA-3DD1-4E05-AD2F-542DABEEAB64}
		{BAA2980A-01C5-415F-B271-BC076B3F9D68} = {FDC9B323-2145-49A0-81AB-A571C58DFCC8}
		{6C96A27B-9BF9-471E-AB0D-288194BD0D7D} = {C83A3AB1-B99C-48B5-9854-32BA8D006ADB}
		{5C5B3156-FEE9-44AF-AECA-8460DCE0C7A3} = {CCACA671-61DB-4057-858D-B17C7950802A}
		{AEC7A401-45E7-462C-8C55-F5FF98BC929C} = {C9CAAC05-53D6-4EE3-90A1-832A9E916F09}
		{C88B2B16-D252-4185-BA3C-D76D2D8A58DB} = {7DFA6D25-E3A5-4890-8F55-000B248FA0DD}
		{D89531F0-9CC0-4D14-BF23-986758556DF7} = {C9CAAC05-53D6-4EE3-90A1-832A9E916F09}
		{AE405719-818D-41A7-86D8-31F4642C58F7} = {C9CAAC05-53D6-4EE3-90A1-832A9E916F09}
		{10BB38E1-4666-4658-A116-1BB90412C8CF} = {E98561AA-3DD1-4E05-AD2F-542DABEEAB64}
		{9F0E0838-13E0-4ADD-8125-1B46C0EBC381} = {01CE8D02-A3F3-4F67-AB5E-7DF89DE2E75B}
		{3998B98E-B390-4168-88A0-D5FFEA9A504F} = {9F0E0838-13E0-4ADD-8125-1B46C0EBC381}
		{2F0000A8-36D0-43DF-A98D-274B8E389BCD} = {9F0E0838-13E0-4ADD-8125-1B46C0EBC381}
		{C6D209A1-D51F-4304-BE9A-18B17B0202B1} = {9F0E0838-13E0-4ADD-8125-1B46C0EBC381}
		{F91C490C-3BD2-4D5D-BF2C-BCD19510B3C7} = {9F0E0838-13E0-4ADD-8125-1B46C0EBC381}
		{0D197B90-ACCF-451D-9852-5C314BDF3CCA} = {F91C490C-3BD2-4D5D-BF2C-BCD19510B3C7}
		{1C8506B4-53C6-4F7A-B4D6-2CB1D08C5D80} = {F91C490C-3BD2-4D5D-BF2C-BCD19510B3C7}
		{0C0D638F-7CF6-418C-B99F-20AB9FA32448} = {C6D209A1-D51F-4304-BE9A-18B17B0202B1}
		{9F698BBD-8249-44D3-BAE0-BF545DF373DC} = {C6D209A1-D51F-4304-BE9A-18B17B0202B1}
		{C355FBB8-F5C8-4931-A3DD-0AEC454DD7FC} = {2F0000A8-36D0-43DF-A98D-274B8E389BCD}
		{38C69F4F-5508-4745-98D7-5EFFCC621E1D} = {C6D209A1-D51F-4304-BE9A-18B17B0202B1}
		{2178B499-01EE-45A8-A976-B19B7467AC2C} = {3998B98E-B390-4168-88A0-D5FFEA9A504F}
		{435394DD-9BEC-4D05-B0C1-265BD1C344E0} = {C9CAAC05-53D6-4EE3-90A1-832A9E916F09}
		{02EA681E-C7D8-13C7-8484-4AC65E1B71E8} = {01CE8D02-A3F3-4F67-AB5E-7DF89DE2E75B}
		{6F5771E6-2DEE-4DBB-90F1-702111225DDC} = {66F4EF16-0876-46E5-9C40-EB7850156C1A}
		{9151E665-039C-4DC0-84DB-B09D35BB2EE9} = {66F4EF16-0876-46E5-9C40-EB7850156C1A}
		{66F4EF16-0876-46E5-9C40-EB7850156C1A} = {02EA681E-C7D8-13C7-8484-4AC65E1B71E8}
		{A71EA68C-55BD-4562-8D0D-4B5D201B1CA5} = {02EA681E-C7D8-13C7-8484-4AC65E1B71E8}
		{2DEFC6A8-C76B-4CC8-B5ED-DCFBE7892DC4} = {A71EA68C-55BD-4562-8D0D-4B5D201B1CA5}
		{FA92278F-A486-46D2-8337-C9F9FA094EE3} = {02EA681E-C7D8-13C7-8484-4AC65E1B71E8}
		{8AF11BEB-0475-4EBC-A4AF-11937B6690A0} = {FA92278F-A486-46D2-8337-C9F9FA094EE3}
		{22ADF2F2-9FAD-4332-8C5B-AB0E6751138D} = {A71EA68C-55BD-4562-8D0D-4B5D201B1CA5}
		{D55CF597-BEB1-488A-9E7A-82D7514A5B10} = {02EA681E-C7D8-13C7-8484-4AC65E1B71E8}
		{94BD500A-208E-4DBA-BC4F-3B476406506E} = {A71EA68C-55BD-4562-8D0D-4B5D201B1CA5}
		{D0A02AC8-0FA3-4241-B5B1-0C5EFB5419F4} = {D55CF597-BEB1-488A-9E7A-82D7514A5B10}
	EndGlobalSection
	GlobalSection(ExtensibilityGlobals) = postSolution
		SolutionGuid = {11A3F110-4C77-4999-9D28-6CB65362EA8B}
	EndGlobalSection
EndGlobal
